// !$*UTF8*$!
{
	archiveVersion = 1;
	classes = {
	};
	objectVersion = 46;
	objects = {

/* Begin PBXBuildFile section */
		31496C41AEC5B72FB2EA9282 /* libPods-TTBasicProject.a in Frameworks */ = {isa = PBXBuildFile; fileRef = 979EB038EB2F9A55500A2E56 /* libPods-TTBasicProject.a */; };
		8203DDEF1D73D47200B3B7F6 /* Assets.xcassets in Resources */ = {isa = PBXBuildFile; fileRef = 8203DDE81D73D47200B3B7F6 /* Assets.xcassets */; };
		8203DDF01D73D47200B3B7F6 /* LaunchScreen.storyboard in Resources */ = {isa = PBXBuildFile; fileRef = 8203DDE91D73D47200B3B7F6 /* LaunchScreen.storyboard */; };
		8203DDF21D73D47200B3B7F6 /* main.m in Sources */ = {isa = PBXBuildFile; fileRef = 8203DDEC1D73D47200B3B7F6 /* main.m */; };
		8203DDF91D73D55C00B3B7F6 /* AppDelegate.m in Sources */ = {isa = PBXBuildFile; fileRef = 8203DDF81D73D55C00B3B7F6 /* AppDelegate.m */; };
		824AD5DD1D925EA200A2DFB9 /* TTActivityCell.m in Sources */ = {isa = PBXBuildFile; fileRef = 824AD5DB1D925EA200A2DFB9 /* TTActivityCell.m */; };
		824AD5DE1D925EA200A2DFB9 /* TTActivityCell.xib in Resources */ = {isa = PBXBuildFile; fileRef = 824AD5DC1D925EA200A2DFB9 /* TTActivityCell.xib */; };
		824AD5E11D9270C000A2DFB9 /* TTThreeSpecialCell.m in Sources */ = {isa = PBXBuildFile; fileRef = 824AD5E01D9270C000A2DFB9 /* TTThreeSpecialCell.m */; };
		824AD5E51D9270E500A2DFB9 /* TTCustomerHeaderView.m in Sources */ = {isa = PBXBuildFile; fileRef = 824AD5E31D9270E500A2DFB9 /* TTCustomerHeaderView.m */; };
		824AD5E61D9270E500A2DFB9 /* TTCustomerHeaderView.xib in Resources */ = {isa = PBXBuildFile; fileRef = 824AD5E41D9270E500A2DFB9 /* TTCustomerHeaderView.xib */; };
		826596E11D991C6B00058779 /* UITextView+PlaceHolder.m in Sources */ = {isa = PBXBuildFile; fileRef = 826596E01D991C6B00058779 /* UITextView+PlaceHolder.m */; };
		826596E41D991DA600058779 /* TTJumpPageViewController.m in Sources */ = {isa = PBXBuildFile; fileRef = 826596E31D991DA600058779 /* TTJumpPageViewController.m */; };
		826596E71D99231600058779 /* UIView+CGRect.m in Sources */ = {isa = PBXBuildFile; fileRef = 826596E61D99231600058779 /* UIView+CGRect.m */; };
		826596EA1D99263700058779 /* UIView+TTDraggable.m in Sources */ = {isa = PBXBuildFile; fileRef = 826596E91D99263700058779 /* UIView+TTDraggable.m */; };
		826596ED1D99267500058779 /* NSString+Size.m in Sources */ = {isa = PBXBuildFile; fileRef = 826596EC1D99267500058779 /* NSString+Size.m */; };
		826596F01D99274200058779 /* NSString+StringColor.m in Sources */ = {isa = PBXBuildFile; fileRef = 826596EF1D99274200058779 /* NSString+StringColor.m */; };
		82F1837B1D8E38C200CF8D7C /* BaseNavigationController.m in Sources */ = {isa = PBXBuildFile; fileRef = 82F183421D8E38C200CF8D7C /* BaseNavigationController.m */; };
		82F1837C1D8E38C200CF8D7C /* BaseTabBarController.m in Sources */ = {isa = PBXBuildFile; fileRef = 82F183441D8E38C200CF8D7C /* BaseTabBarController.m */; };
		82F1837D1D8E38C200CF8D7C /* BaseViewController.m in Sources */ = {isa = PBXBuildFile; fileRef = 82F183461D8E38C200CF8D7C /* BaseViewController.m */; };
		82F1837E1D8E38C200CF8D7C /* TTTabBarViewController.m in Sources */ = {isa = PBXBuildFile; fileRef = 82F183481D8E38C200CF8D7C /* TTTabBarViewController.m */; };
		82F183801D8E38C200CF8D7C /* TTFirstPageViewController.m in Sources */ = {isa = PBXBuildFile; fileRef = 82F1835A1D8E38C200CF8D7C /* TTFirstPageViewController.m */; };
		82F183811D8E38C200CF8D7C /* TTForthPageViewController.m in Sources */ = {isa = PBXBuildFile; fileRef = 82F183611D8E38C200CF8D7C /* TTForthPageViewController.m */; };
		82F183821D8E38C200CF8D7C /* TTSecondPageViewController.m in Sources */ = {isa = PBXBuildFile; fileRef = 82F1836F1D8E38C200CF8D7C /* TTSecondPageViewController.m */; };
		82F183831D8E38C200CF8D7C /* TTThirdPageViewController.m in Sources */ = {isa = PBXBuildFile; fileRef = 82F183771D8E38C200CF8D7C /* TTThirdPageViewController.m */; };
		82F183861D8E39BE00CF8D7C /* TTFifthPageViewController.m in Sources */ = {isa = PBXBuildFile; fileRef = 82F183851D8E39BE00CF8D7C /* TTFifthPageViewController.m */; };
		82F183891D8E42C500CF8D7C /* TTTabBar.m in Sources */ = {isa = PBXBuildFile; fileRef = 82F183881D8E42C500CF8D7C /* TTTabBar.m */; };
		82F1838E1D8E42D200CF8D7C /* TTNavigationViewController.m in Sources */ = {isa = PBXBuildFile; fileRef = 82F1838B1D8E42D200CF8D7C /* TTNavigationViewController.m */; };
		82F1838F1D8E42D200CF8D7C /* TTTabBarController.m in Sources */ = {isa = PBXBuildFile; fileRef = 82F1838D1D8E42D200CF8D7C /* TTTabBarController.m */; };
		82F183921D8E437C00CF8D7C /* UIImage+Image.m in Sources */ = {isa = PBXBuildFile; fileRef = 82F183911D8E437C00CF8D7C /* UIImage+Image.m */; };
		82F183951D8E44A700CF8D7C /* UIBarButtonItem+Item.m in Sources */ = {isa = PBXBuildFile; fileRef = 82F183941D8E44A700CF8D7C /* UIBarButtonItem+Item.m */; };
		82F183981D8E6C2100CF8D7C /* TTHUDView.m in Sources */ = {isa = PBXBuildFile; fileRef = 82F183971D8E6C2100CF8D7C /* TTHUDView.m */; };
		82F1839B1D8E87F800CF8D7C /* TTRefreshGifHeader.m in Sources */ = {isa = PBXBuildFile; fileRef = 82F1839A1D8E87F800CF8D7C /* TTRefreshGifHeader.m */; };
		82F1839E1D8EA10E00CF8D7C /* UIView+TTHUDView.m in Sources */ = {isa = PBXBuildFile; fileRef = 82F1839D1D8EA10E00CF8D7C /* UIView+TTHUDView.m */; };
		82F183A11D8EA6F200CF8D7C /* UIView+Image.m in Sources */ = {isa = PBXBuildFile; fileRef = 82F183A01D8EA6F200CF8D7C /* UIView+Image.m */; };
		82FE12CE1D8FBD0D00BADB26 /* TTRefreshBackGifFooter.m in Sources */ = {isa = PBXBuildFile; fileRef = 82FE12CD1D8FBD0D00BADB26 /* TTRefreshBackGifFooter.m */; };
		82FE12D11D8FD6E200BADB26 /* TTAlertView.m in Sources */ = {isa = PBXBuildFile; fileRef = 82FE12D01D8FD6E200BADB26 /* TTAlertView.m */; };
		82FE12D41D8FD85700BADB26 /* TTActionSheet.m in Sources */ = {isa = PBXBuildFile; fileRef = 82FE12D31D8FD85700BADB26 /* TTActionSheet.m */; };
/* End PBXBuildFile section */

/* Begin PBXFileReference section */
		17E62C14ABDB34F8B9B8D171 /* Pods-TTBasicProject.debug.xcconfig */ = {isa = PBXFileReference; includeInIndex = 1; lastKnownFileType = text.xcconfig; name = "Pods-TTBasicProject.debug.xcconfig"; path = "Pods/Target Support Files/Pods-TTBasicProject/Pods-TTBasicProject.debug.xcconfig"; sourceTree = "<group>"; };
		8203DDAC1D73CFA100B3B7F6 /* TTBasicProject.app */ = {isa = PBXFileReference; explicitFileType = wrapper.application; includeInIndex = 0; path = TTBasicProject.app; sourceTree = BUILT_PRODUCTS_DIR; };
		8203DDE81D73D47200B3B7F6 /* Assets.xcassets */ = {isa = PBXFileReference; lastKnownFileType = folder.assetcatalog; path = Assets.xcassets; sourceTree = "<group>"; };
		8203DDEA1D73D47200B3B7F6 /* Base */ = {isa = PBXFileReference; lastKnownFileType = file.storyboard; name = Base; path = Base.lproj/LaunchScreen.storyboard; sourceTree = "<group>"; };
		8203DDEC1D73D47200B3B7F6 /* main.m */ = {isa = PBXFileReference; fileEncoding = 4; lastKnownFileType = sourcecode.c.objc; path = main.m; sourceTree = "<group>"; };
		8203DDF61D73D4F400B3B7F6 /* Info.plist */ = {isa = PBXFileReference; lastKnownFileType = text.plist.xml; path = Info.plist; sourceTree = "<group>"; };
		8203DDF71D73D55C00B3B7F6 /* AppDelegate.h */ = {isa = PBXFileReference; fileEncoding = 4; lastKnownFileType = sourcecode.c.h; path = AppDelegate.h; sourceTree = "<group>"; };
		8203DDF81D73D55C00B3B7F6 /* AppDelegate.m */ = {isa = PBXFileReference; fileEncoding = 4; lastKnownFileType = sourcecode.c.objc; path = AppDelegate.m; sourceTree = "<group>"; };
		8203DDFF1D73D63E00B3B7F6 /* TTBasicProject.pch */ = {isa = PBXFileReference; lastKnownFileType = sourcecode.c.h; path = TTBasicProject.pch; sourceTree = "<group>"; };
		824AD5DA1D925EA200A2DFB9 /* TTActivityCell.h */ = {isa = PBXFileReference; fileEncoding = 4; lastKnownFileType = sourcecode.c.h; path = TTActivityCell.h; sourceTree = "<group>"; };
		824AD5DB1D925EA200A2DFB9 /* TTActivityCell.m */ = {isa = PBXFileReference; fileEncoding = 4; lastKnownFileType = sourcecode.c.objc; path = TTActivityCell.m; sourceTree = "<group>"; };
		824AD5DC1D925EA200A2DFB9 /* TTActivityCell.xib */ = {isa = PBXFileReference; fileEncoding = 4; lastKnownFileType = file.xib; path = TTActivityCell.xib; sourceTree = "<group>"; };
		824AD5DF1D9270C000A2DFB9 /* TTThreeSpecialCell.h */ = {isa = PBXFileReference; fileEncoding = 4; lastKnownFileType = sourcecode.c.h; path = TTThreeSpecialCell.h; sourceTree = "<group>"; };
		824AD5E01D9270C000A2DFB9 /* TTThreeSpecialCell.m */ = {isa = PBXFileReference; fileEncoding = 4; lastKnownFileType = sourcecode.c.objc; path = TTThreeSpecialCell.m; sourceTree = "<group>"; };
		824AD5E21D9270E400A2DFB9 /* TTCustomerHeaderView.h */ = {isa = PBXFileReference; fileEncoding = 4; lastKnownFileType = sourcecode.c.h; path = TTCustomerHeaderView.h; sourceTree = "<group>"; };
		824AD5E31D9270E500A2DFB9 /* TTCustomerHeaderView.m */ = {isa = PBXFileReference; fileEncoding = 4; lastKnownFileType = sourcecode.c.objc; path = TTCustomerHeaderView.m; sourceTree = "<group>"; };
		824AD5E41D9270E500A2DFB9 /* TTCustomerHeaderView.xib */ = {isa = PBXFileReference; fileEncoding = 4; lastKnownFileType = file.xib; path = TTCustomerHeaderView.xib; sourceTree = "<group>"; };
		826596DF1D991C6B00058779 /* UITextView+PlaceHolder.h */ = {isa = PBXFileReference; fileEncoding = 4; lastKnownFileType = sourcecode.c.h; path = "UITextView+PlaceHolder.h"; sourceTree = "<group>"; };
		826596E01D991C6B00058779 /* UITextView+PlaceHolder.m */ = {isa = PBXFileReference; fileEncoding = 4; lastKnownFileType = sourcecode.c.objc; path = "UITextView+PlaceHolder.m"; sourceTree = "<group>"; };
		826596E21D991DA600058779 /* TTJumpPageViewController.h */ = {isa = PBXFileReference; fileEncoding = 4; lastKnownFileType = sourcecode.c.h; path = TTJumpPageViewController.h; sourceTree = "<group>"; };
		826596E31D991DA600058779 /* TTJumpPageViewController.m */ = {isa = PBXFileReference; fileEncoding = 4; lastKnownFileType = sourcecode.c.objc; path = TTJumpPageViewController.m; sourceTree = "<group>"; };
		826596E51D99231600058779 /* UIView+CGRect.h */ = {isa = PBXFileReference; fileEncoding = 4; lastKnownFileType = sourcecode.c.h; path = "UIView+CGRect.h"; sourceTree = "<group>"; };
		826596E61D99231600058779 /* UIView+CGRect.m */ = {isa = PBXFileReference; fileEncoding = 4; lastKnownFileType = sourcecode.c.objc; path = "UIView+CGRect.m"; sourceTree = "<group>"; };
		826596E81D99263700058779 /* UIView+TTDraggable.h */ = {isa = PBXFileReference; fileEncoding = 4; lastKnownFileType = sourcecode.c.h; path = "UIView+TTDraggable.h"; sourceTree = "<group>"; };
		826596E91D99263700058779 /* UIView+TTDraggable.m */ = {isa = PBXFileReference; fileEncoding = 4; lastKnownFileType = sourcecode.c.objc; path = "UIView+TTDraggable.m"; sourceTree = "<group>"; };
		826596EB1D99267500058779 /* NSString+Size.h */ = {isa = PBXFileReference; fileEncoding = 4; lastKnownFileType = sourcecode.c.h; path = "NSString+Size.h"; sourceTree = "<group>"; };
		826596EC1D99267500058779 /* NSString+Size.m */ = {isa = PBXFileReference; fileEncoding = 4; lastKnownFileType = sourcecode.c.objc; path = "NSString+Size.m"; sourceTree = "<group>"; };
		826596EE1D99274200058779 /* NSString+StringColor.h */ = {isa = PBXFileReference; fileEncoding = 4; lastKnownFileType = sourcecode.c.h; path = "NSString+StringColor.h"; sourceTree = "<group>"; };
		826596EF1D99274200058779 /* NSString+StringColor.m */ = {isa = PBXFileReference; fileEncoding = 4; lastKnownFileType = sourcecode.c.objc; path = "NSString+StringColor.m"; sourceTree = "<group>"; };
		82F183411D8E38C200CF8D7C /* BaseNavigationController.h */ = {isa = PBXFileReference; fileEncoding = 4; lastKnownFileType = sourcecode.c.h; path = BaseNavigationController.h; sourceTree = "<group>"; };
		82F183421D8E38C200CF8D7C /* BaseNavigationController.m */ = {isa = PBXFileReference; fileEncoding = 4; lastKnownFileType = sourcecode.c.objc; path = BaseNavigationController.m; sourceTree = "<group>"; };
		82F183431D8E38C200CF8D7C /* BaseTabBarController.h */ = {isa = PBXFileReference; fileEncoding = 4; lastKnownFileType = sourcecode.c.h; path = BaseTabBarController.h; sourceTree = "<group>"; };
		82F183441D8E38C200CF8D7C /* BaseTabBarController.m */ = {isa = PBXFileReference; fileEncoding = 4; lastKnownFileType = sourcecode.c.objc; path = BaseTabBarController.m; sourceTree = "<group>"; };
		82F183451D8E38C200CF8D7C /* BaseViewController.h */ = {isa = PBXFileReference; fileEncoding = 4; lastKnownFileType = sourcecode.c.h; path = BaseViewController.h; sourceTree = "<group>"; };
		82F183461D8E38C200CF8D7C /* BaseViewController.m */ = {isa = PBXFileReference; fileEncoding = 4; lastKnownFileType = sourcecode.c.objc; path = BaseViewController.m; sourceTree = "<group>"; };
		82F183471D8E38C200CF8D7C /* TTTabBarViewController.h */ = {isa = PBXFileReference; fileEncoding = 4; lastKnownFileType = sourcecode.c.h; path = TTTabBarViewController.h; sourceTree = "<group>"; };
		82F183481D8E38C200CF8D7C /* TTTabBarViewController.m */ = {isa = PBXFileReference; fileEncoding = 4; lastKnownFileType = sourcecode.c.objc; path = TTTabBarViewController.m; sourceTree = "<group>"; };
		82F183501D8E38C200CF8D7C /* Color.h */ = {isa = PBXFileReference; fileEncoding = 4; lastKnownFileType = sourcecode.c.h; path = Color.h; sourceTree = "<group>"; };
		82F183511D8E38C200CF8D7C /* Frame.h */ = {isa = PBXFileReference; fileEncoding = 4; lastKnownFileType = sourcecode.c.h; path = Frame.h; sourceTree = "<group>"; };
		82F183591D8E38C200CF8D7C /* TTFirstPageViewController.h */ = {isa = PBXFileReference; fileEncoding = 4; lastKnownFileType = sourcecode.c.h; path = TTFirstPageViewController.h; sourceTree = "<group>"; };
		82F1835A1D8E38C200CF8D7C /* TTFirstPageViewController.m */ = {isa = PBXFileReference; fileEncoding = 4; lastKnownFileType = sourcecode.c.objc; path = TTFirstPageViewController.m; sourceTree = "<group>"; };
		82F183601D8E38C200CF8D7C /* TTForthPageViewController.h */ = {isa = PBXFileReference; fileEncoding = 4; lastKnownFileType = sourcecode.c.h; path = TTForthPageViewController.h; sourceTree = "<group>"; };
		82F183611D8E38C200CF8D7C /* TTForthPageViewController.m */ = {isa = PBXFileReference; fileEncoding = 4; lastKnownFileType = sourcecode.c.objc; path = TTForthPageViewController.m; sourceTree = "<group>"; };
		82F1836E1D8E38C200CF8D7C /* TTSecondPageViewController.h */ = {isa = PBXFileReference; fileEncoding = 4; lastKnownFileType = sourcecode.c.h; path = TTSecondPageViewController.h; sourceTree = "<group>"; };
		82F1836F1D8E38C200CF8D7C /* TTSecondPageViewController.m */ = {isa = PBXFileReference; fileEncoding = 4; lastKnownFileType = sourcecode.c.objc; path = TTSecondPageViewController.m; sourceTree = "<group>"; };
		82F183761D8E38C200CF8D7C /* TTThirdPageViewController.h */ = {isa = PBXFileReference; fileEncoding = 4; lastKnownFileType = sourcecode.c.h; path = TTThirdPageViewController.h; sourceTree = "<group>"; };
		82F183771D8E38C200CF8D7C /* TTThirdPageViewController.m */ = {isa = PBXFileReference; fileEncoding = 4; lastKnownFileType = sourcecode.c.objc; path = TTThirdPageViewController.m; sourceTree = "<group>"; };
		82F183841D8E39BE00CF8D7C /* TTFifthPageViewController.h */ = {isa = PBXFileReference; fileEncoding = 4; lastKnownFileType = sourcecode.c.h; path = TTFifthPageViewController.h; sourceTree = "<group>"; };
		82F183851D8E39BE00CF8D7C /* TTFifthPageViewController.m */ = {isa = PBXFileReference; fileEncoding = 4; lastKnownFileType = sourcecode.c.objc; path = TTFifthPageViewController.m; sourceTree = "<group>"; };
		82F183871D8E42C500CF8D7C /* TTTabBar.h */ = {isa = PBXFileReference; fileEncoding = 4; lastKnownFileType = sourcecode.c.h; path = TTTabBar.h; sourceTree = "<group>"; };
		82F183881D8E42C500CF8D7C /* TTTabBar.m */ = {isa = PBXFileReference; fileEncoding = 4; lastKnownFileType = sourcecode.c.objc; path = TTTabBar.m; sourceTree = "<group>"; };
		82F1838A1D8E42D200CF8D7C /* TTNavigationViewController.h */ = {isa = PBXFileReference; fileEncoding = 4; lastKnownFileType = sourcecode.c.h; path = TTNavigationViewController.h; sourceTree = "<group>"; };
		82F1838B1D8E42D200CF8D7C /* TTNavigationViewController.m */ = {isa = PBXFileReference; fileEncoding = 4; lastKnownFileType = sourcecode.c.objc; path = TTNavigationViewController.m; sourceTree = "<group>"; };
		82F1838C1D8E42D200CF8D7C /* TTTabBarController.h */ = {isa = PBXFileReference; fileEncoding = 4; lastKnownFileType = sourcecode.c.h; path = TTTabBarController.h; sourceTree = "<group>"; };
		82F1838D1D8E42D200CF8D7C /* TTTabBarController.m */ = {isa = PBXFileReference; fileEncoding = 4; lastKnownFileType = sourcecode.c.objc; path = TTTabBarController.m; sourceTree = "<group>"; };
		82F183901D8E437C00CF8D7C /* UIImage+Image.h */ = {isa = PBXFileReference; fileEncoding = 4; lastKnownFileType = sourcecode.c.h; path = "UIImage+Image.h"; sourceTree = "<group>"; };
		82F183911D8E437C00CF8D7C /* UIImage+Image.m */ = {isa = PBXFileReference; fileEncoding = 4; lastKnownFileType = sourcecode.c.objc; path = "UIImage+Image.m"; sourceTree = "<group>"; };
		82F183931D8E44A700CF8D7C /* UIBarButtonItem+Item.h */ = {isa = PBXFileReference; fileEncoding = 4; lastKnownFileType = sourcecode.c.h; path = "UIBarButtonItem+Item.h"; sourceTree = "<group>"; };
		82F183941D8E44A700CF8D7C /* UIBarButtonItem+Item.m */ = {isa = PBXFileReference; fileEncoding = 4; lastKnownFileType = sourcecode.c.objc; path = "UIBarButtonItem+Item.m"; sourceTree = "<group>"; };
		82F183961D8E6C2100CF8D7C /* TTHUDView.h */ = {isa = PBXFileReference; fileEncoding = 4; lastKnownFileType = sourcecode.c.h; path = TTHUDView.h; sourceTree = "<group>"; };
		82F183971D8E6C2100CF8D7C /* TTHUDView.m */ = {isa = PBXFileReference; fileEncoding = 4; lastKnownFileType = sourcecode.c.objc; path = TTHUDView.m; sourceTree = "<group>"; };
		82F183991D8E87F800CF8D7C /* TTRefreshGifHeader.h */ = {isa = PBXFileReference; fileEncoding = 4; lastKnownFileType = sourcecode.c.h; path = TTRefreshGifHeader.h; sourceTree = "<group>"; };
		82F1839A1D8E87F800CF8D7C /* TTRefreshGifHeader.m */ = {isa = PBXFileReference; fileEncoding = 4; lastKnownFileType = sourcecode.c.objc; path = TTRefreshGifHeader.m; sourceTree = "<group>"; };
		82F1839C1D8EA10E00CF8D7C /* UIView+TTHUDView.h */ = {isa = PBXFileReference; fileEncoding = 4; lastKnownFileType = sourcecode.c.h; path = "UIView+TTHUDView.h"; sourceTree = "<group>"; };
		82F1839D1D8EA10E00CF8D7C /* UIView+TTHUDView.m */ = {isa = PBXFileReference; fileEncoding = 4; lastKnownFileType = sourcecode.c.objc; path = "UIView+TTHUDView.m"; sourceTree = "<group>"; };
		82F1839F1D8EA6F200CF8D7C /* UIView+Image.h */ = {isa = PBXFileReference; fileEncoding = 4; lastKnownFileType = sourcecode.c.h; path = "UIView+Image.h"; sourceTree = "<group>"; };
		82F183A01D8EA6F200CF8D7C /* UIView+Image.m */ = {isa = PBXFileReference; fileEncoding = 4; lastKnownFileType = sourcecode.c.objc; path = "UIView+Image.m"; sourceTree = "<group>"; };
		82FE12CC1D8FBD0D00BADB26 /* TTRefreshBackGifFooter.h */ = {isa = PBXFileReference; fileEncoding = 4; lastKnownFileType = sourcecode.c.h; path = TTRefreshBackGifFooter.h; sourceTree = "<group>"; };
		82FE12CD1D8FBD0D00BADB26 /* TTRefreshBackGifFooter.m */ = {isa = PBXFileReference; fileEncoding = 4; lastKnownFileType = sourcecode.c.objc; path = TTRefreshBackGifFooter.m; sourceTree = "<group>"; };
		82FE12CF1D8FD6E200BADB26 /* TTAlertView.h */ = {isa = PBXFileReference; fileEncoding = 4; lastKnownFileType = sourcecode.c.h; path = TTAlertView.h; sourceTree = "<group>"; };
		82FE12D01D8FD6E200BADB26 /* TTAlertView.m */ = {isa = PBXFileReference; fileEncoding = 4; lastKnownFileType = sourcecode.c.objc; path = TTAlertView.m; sourceTree = "<group>"; };
		82FE12D21D8FD85700BADB26 /* TTActionSheet.h */ = {isa = PBXFileReference; fileEncoding = 4; lastKnownFileType = sourcecode.c.h; path = TTActionSheet.h; sourceTree = "<group>"; };
		82FE12D31D8FD85700BADB26 /* TTActionSheet.m */ = {isa = PBXFileReference; fileEncoding = 4; lastKnownFileType = sourcecode.c.objc; path = TTActionSheet.m; sourceTree = "<group>"; };
		833E2D0E00057E879913AA66 /* Pods-TTBasicProject.release.xcconfig */ = {isa = PBXFileReference; includeInIndex = 1; lastKnownFileType = text.xcconfig; name = "Pods-TTBasicProject.release.xcconfig"; path = "Pods/Target Support Files/Pods-TTBasicProject/Pods-TTBasicProject.release.xcconfig"; sourceTree = "<group>"; };
		979EB038EB2F9A55500A2E56 /* libPods-TTBasicProject.a */ = {isa = PBXFileReference; explicitFileType = archive.ar; includeInIndex = 0; path = "libPods-TTBasicProject.a"; sourceTree = BUILT_PRODUCTS_DIR; };
/* End PBXFileReference section */

/* Begin PBXFrameworksBuildPhase section */
		8203DDA91D73CFA100B3B7F6 /* Frameworks */ = {
			isa = PBXFrameworksBuildPhase;
			buildActionMask = 2147483647;
			files = (
				31496C41AEC5B72FB2EA9282 /* libPods-TTBasicProject.a in Frameworks */,
			);
			runOnlyForDeploymentPostprocessing = 0;
		};
/* End PBXFrameworksBuildPhase section */

/* Begin PBXGroup section */
		3E3971FCAE6BCE4E442FD38F /* Frameworks */ = {
			isa = PBXGroup;
			children = (
				979EB038EB2F9A55500A2E56 /* libPods-TTBasicProject.a */,
			);
			name = Frameworks;
			sourceTree = "<group>";
		};
		8203DDA31D73CFA100B3B7F6 = {
			isa = PBXGroup;
			children = (
				8203DDAE1D73CFA100B3B7F6 /* TTBasicProject */,
				8203DDAD1D73CFA100B3B7F6 /* Products */,
				F1F28EB8471DA9F1C748BC16 /* Pods */,
				3E3971FCAE6BCE4E442FD38F /* Frameworks */,
			);
			sourceTree = "<group>";
		};
		8203DDAD1D73CFA100B3B7F6 /* Products */ = {
			isa = PBXGroup;
			children = (
				8203DDAC1D73CFA100B3B7F6 /* TTBasicProject.app */,
			);
			name = Products;
			sourceTree = "<group>";
		};
		8203DDAE1D73CFA100B3B7F6 /* TTBasicProject */ = {
			isa = PBXGroup;
			children = (
				82F1833E1D8E38C200CF8D7C /* Classes */,
				8203DDE71D73D47200B3B7F6 /* Other */,
			);
			path = TTBasicProject;
			sourceTree = "<group>";
		};
		8203DDE71D73D47200B3B7F6 /* Other */ = {
			isa = PBXGroup;
			children = (
				8203DDE81D73D47200B3B7F6 /* Assets.xcassets */,
				8203DDE91D73D47200B3B7F6 /* LaunchScreen.storyboard */,
				8203DDEC1D73D47200B3B7F6 /* main.m */,
				8203DDF61D73D4F400B3B7F6 /* Info.plist */,
				8203DDF71D73D55C00B3B7F6 /* AppDelegate.h */,
				8203DDF81D73D55C00B3B7F6 /* AppDelegate.m */,
				8203DDFF1D73D63E00B3B7F6 /* TTBasicProject.pch */,
			);
			path = Other;
			sourceTree = "<group>";
		};
		82F1833E1D8E38C200CF8D7C /* Classes */ = {
			isa = PBXGroup;
			children = (
				82F1833F1D8E38C200CF8D7C /* Base */,
				82F1834C1D8E38C200CF8D7C /* Category */,
				82F1834F1D8E38C200CF8D7C /* Define */,
				82F183571D8E38C200CF8D7C /* FirstPage */,
				82F1836C1D8E38C200CF8D7C /* SecondPage */,
				82F183741D8E38C200CF8D7C /* ThirdPage */,
				82F1835E1D8E38C200CF8D7C /* ForthPage */,
				82F183521D8E38C200CF8D7C /* FifthPage */,
				82F183651D8E38C200CF8D7C /* Login */,
				82F1836A1D8E38C200CF8D7C /* Other */,
				82F1836B1D8E38C200CF8D7C /* Public */,
				82F183731D8E38C200CF8D7C /* Third */,
			);
			path = Classes;
			sourceTree = "<group>";
		};
		82F1833F1D8E38C200CF8D7C /* Base */ = {
			isa = PBXGroup;
			children = (
				82F183401D8E38C200CF8D7C /* Controller */,
				82F183491D8E38C200CF8D7C /* Model */,
				82F1834A1D8E38C200CF8D7C /* Other */,
				82F1834B1D8E38C200CF8D7C /* View */,
			);
			path = Base;
			sourceTree = "<group>";
		};
		82F183401D8E38C200CF8D7C /* Controller */ = {
			isa = PBXGroup;
			children = (
				82F1838A1D8E42D200CF8D7C /* TTNavigationViewController.h */,
				82F1838B1D8E42D200CF8D7C /* TTNavigationViewController.m */,
				82F1838C1D8E42D200CF8D7C /* TTTabBarController.h */,
				82F1838D1D8E42D200CF8D7C /* TTTabBarController.m */,
				82F183411D8E38C200CF8D7C /* BaseNavigationController.h */,
				82F183421D8E38C200CF8D7C /* BaseNavigationController.m */,
				82F183431D8E38C200CF8D7C /* BaseTabBarController.h */,
				82F183441D8E38C200CF8D7C /* BaseTabBarController.m */,
				82F183451D8E38C200CF8D7C /* BaseViewController.h */,
				82F183461D8E38C200CF8D7C /* BaseViewController.m */,
				82F183471D8E38C200CF8D7C /* TTTabBarViewController.h */,
				82F183481D8E38C200CF8D7C /* TTTabBarViewController.m */,
			);
			path = Controller;
			sourceTree = "<group>";
		};
		82F183491D8E38C200CF8D7C /* Model */ = {
			isa = PBXGroup;
			children = (
			);
			path = Model;
			sourceTree = "<group>";
		};
		82F1834A1D8E38C200CF8D7C /* Other */ = {
			isa = PBXGroup;
			children = (
			);
			path = Other;
			sourceTree = "<group>";
		};
		82F1834B1D8E38C200CF8D7C /* View */ = {
			isa = PBXGroup;
			children = (
				82F183871D8E42C500CF8D7C /* TTTabBar.h */,
				82F183881D8E42C500CF8D7C /* TTTabBar.m */,
			);
			path = View;
			sourceTree = "<group>";
		};
		82F1834C1D8E38C200CF8D7C /* Category */ = {
			isa = PBXGroup;
			children = (
				82F183931D8E44A700CF8D7C /* UIBarButtonItem+Item.h */,
				82F183941D8E44A700CF8D7C /* UIBarButtonItem+Item.m */,
				82F183901D8E437C00CF8D7C /* UIImage+Image.h */,
				82F183911D8E437C00CF8D7C /* UIImage+Image.m */,
				826596E51D99231600058779 /* UIView+CGRect.h */,
				826596E61D99231600058779 /* UIView+CGRect.m */,
				82F1839C1D8EA10E00CF8D7C /* UIView+TTHUDView.h */,
				82F1839D1D8EA10E00CF8D7C /* UIView+TTHUDView.m */,
				82F1839F1D8EA6F200CF8D7C /* UIView+Image.h */,
				82F183A01D8EA6F200CF8D7C /* UIView+Image.m */,
				826596DF1D991C6B00058779 /* UITextView+PlaceHolder.h */,
				826596E01D991C6B00058779 /* UITextView+PlaceHolder.m */,
				826596E81D99263700058779 /* UIView+TTDraggable.h */,
				826596E91D99263700058779 /* UIView+TTDraggable.m */,
				826596EB1D99267500058779 /* NSString+Size.h */,
				826596EC1D99267500058779 /* NSString+Size.m */,
				826596EE1D99274200058779 /* NSString+StringColor.h */,
				826596EF1D99274200058779 /* NSString+StringColor.m */,
			);
			path = Category;
			sourceTree = "<group>";
		};
		82F1834F1D8E38C200CF8D7C /* Define */ = {
			isa = PBXGroup;
			children = (
				82F183501D8E38C200CF8D7C /* Color.h */,
				82F183511D8E38C200CF8D7C /* Frame.h */,
			);
			path = Define;
			sourceTree = "<group>";
		};
		82F183521D8E38C200CF8D7C /* FifthPage */ = {
			isa = PBXGroup;
			children = (
				82F183531D8E38C200CF8D7C /* Controller */,
				82F183541D8E38C200CF8D7C /* Model */,
				82F183551D8E38C200CF8D7C /* Other */,
				82F183561D8E38C200CF8D7C /* View */,
			);
			path = FifthPage;
			sourceTree = "<group>";
		};
		82F183531D8E38C200CF8D7C /* Controller */ = {
			isa = PBXGroup;
			children = (
				82F183841D8E39BE00CF8D7C /* TTFifthPageViewController.h */,
				82F183851D8E39BE00CF8D7C /* TTFifthPageViewController.m */,
			);
			path = Controller;
			sourceTree = "<group>";
		};
		82F183541D8E38C200CF8D7C /* Model */ = {
			isa = PBXGroup;
			children = (
			);
			path = Model;
			sourceTree = "<group>";
		};
		82F183551D8E38C200CF8D7C /* Other */ = {
			isa = PBXGroup;
			children = (
			);
			path = Other;
			sourceTree = "<group>";
		};
		82F183561D8E38C200CF8D7C /* View */ = {
			isa = PBXGroup;
			children = (
				824AD5DF1D9270C000A2DFB9 /* TTThreeSpecialCell.h */,
				824AD5E01D9270C000A2DFB9 /* TTThreeSpecialCell.m */,
				824AD5E21D9270E400A2DFB9 /* TTCustomerHeaderView.h */,
				824AD5E31D9270E500A2DFB9 /* TTCustomerHeaderView.m */,
				824AD5E41D9270E500A2DFB9 /* TTCustomerHeaderView.xib */,
			);
			path = View;
			sourceTree = "<group>";
		};
		82F183571D8E38C200CF8D7C /* FirstPage */ = {
			isa = PBXGroup;
			children = (
				82F183581D8E38C200CF8D7C /* Controller */,
				82F1835B1D8E38C200CF8D7C /* Model */,
				82F1835C1D8E38C200CF8D7C /* Other */,
				82F1835D1D8E38C200CF8D7C /* View */,
			);
			path = FirstPage;
			sourceTree = "<group>";
		};
		82F183581D8E38C200CF8D7C /* Controller */ = {
			isa = PBXGroup;
			children = (
				82F183591D8E38C200CF8D7C /* TTFirstPageViewController.h */,
				82F1835A1D8E38C200CF8D7C /* TTFirstPageViewController.m */,
				826596E21D991DA600058779 /* TTJumpPageViewController.h */,
				826596E31D991DA600058779 /* TTJumpPageViewController.m */,
			);
			path = Controller;
			sourceTree = "<group>";
		};
		82F1835B1D8E38C200CF8D7C /* Model */ = {
			isa = PBXGroup;
			children = (
			);
			path = Model;
			sourceTree = "<group>";
		};
		82F1835C1D8E38C200CF8D7C /* Other */ = {
			isa = PBXGroup;
			children = (
			);
			path = Other;
			sourceTree = "<group>";
		};
		82F1835D1D8E38C200CF8D7C /* View */ = {
			isa = PBXGroup;
			children = (
			);
			path = View;
			sourceTree = "<group>";
		};
		82F1835E1D8E38C200CF8D7C /* ForthPage */ = {
			isa = PBXGroup;
			children = (
				82F1835F1D8E38C200CF8D7C /* Controller */,
				82F183621D8E38C200CF8D7C /* Model */,
				82F183631D8E38C200CF8D7C /* Other */,
				82F183641D8E38C200CF8D7C /* View */,
			);
			path = ForthPage;
			sourceTree = "<group>";
		};
		82F1835F1D8E38C200CF8D7C /* Controller */ = {
			isa = PBXGroup;
			children = (
				82F183601D8E38C200CF8D7C /* TTForthPageViewController.h */,
				82F183611D8E38C200CF8D7C /* TTForthPageViewController.m */,
			);
			path = Controller;
			sourceTree = "<group>";
		};
		82F183621D8E38C200CF8D7C /* Model */ = {
			isa = PBXGroup;
			children = (
			);
			path = Model;
			sourceTree = "<group>";
		};
		82F183631D8E38C200CF8D7C /* Other */ = {
			isa = PBXGroup;
			children = (
			);
			path = Other;
			sourceTree = "<group>";
		};
		82F183641D8E38C200CF8D7C /* View */ = {
			isa = PBXGroup;
			children = (
			);
			path = View;
			sourceTree = "<group>";
		};
		82F183651D8E38C200CF8D7C /* Login */ = {
			isa = PBXGroup;
			children = (
				82F183661D8E38C200CF8D7C /* Controller */,
				82F183671D8E38C200CF8D7C /* Model */,
				82F183681D8E38C200CF8D7C /* Other */,
				82F183691D8E38C200CF8D7C /* View */,
			);
			path = Login;
			sourceTree = "<group>";
		};
		82F183661D8E38C200CF8D7C /* Controller */ = {
			isa = PBXGroup;
			children = (
			);
			path = Controller;
			sourceTree = "<group>";
		};
		82F183671D8E38C200CF8D7C /* Model */ = {
			isa = PBXGroup;
			children = (
			);
			path = Model;
			sourceTree = "<group>";
		};
		82F183681D8E38C200CF8D7C /* Other */ = {
			isa = PBXGroup;
			children = (
			);
			path = Other;
			sourceTree = "<group>";
		};
		82F183691D8E38C200CF8D7C /* View */ = {
			isa = PBXGroup;
			children = (
			);
			path = View;
			sourceTree = "<group>";
		};
		82F1836A1D8E38C200CF8D7C /* Other */ = {
			isa = PBXGroup;
			children = (
			);
			path = Other;
			sourceTree = "<group>";
		};
		82F1836B1D8E38C200CF8D7C /* Public */ = {
			isa = PBXGroup;
			children = (
				82F183961D8E6C2100CF8D7C /* TTHUDView.h */,
				82F183971D8E6C2100CF8D7C /* TTHUDView.m */,
				82F183991D8E87F800CF8D7C /* TTRefreshGifHeader.h */,
				82F1839A1D8E87F800CF8D7C /* TTRefreshGifHeader.m */,
				82FE12CC1D8FBD0D00BADB26 /* TTRefreshBackGifFooter.h */,
				82FE12CD1D8FBD0D00BADB26 /* TTRefreshBackGifFooter.m */,
				82FE12CF1D8FD6E200BADB26 /* TTAlertView.h */,
				82FE12D01D8FD6E200BADB26 /* TTAlertView.m */,
				82FE12D21D8FD85700BADB26 /* TTActionSheet.h */,
				82FE12D31D8FD85700BADB26 /* TTActionSheet.m */,
			);
			path = Public;
			sourceTree = "<group>";
		};
		82F1836C1D8E38C200CF8D7C /* SecondPage */ = {
			isa = PBXGroup;
			children = (
				82F1836D1D8E38C200CF8D7C /* Controller */,
				82F183701D8E38C200CF8D7C /* Model */,
				82F183711D8E38C200CF8D7C /* Other */,
				82F183721D8E38C200CF8D7C /* View */,
			);
			path = SecondPage;
			sourceTree = "<group>";
		};
		82F1836D1D8E38C200CF8D7C /* Controller */ = {
			isa = PBXGroup;
			children = (
				82F1836E1D8E38C200CF8D7C /* TTSecondPageViewController.h */,
				82F1836F1D8E38C200CF8D7C /* TTSecondPageViewController.m */,
			);
			path = Controller;
			sourceTree = "<group>";
		};
		82F183701D8E38C200CF8D7C /* Model */ = {
			isa = PBXGroup;
			children = (
			);
			path = Model;
			sourceTree = "<group>";
		};
		82F183711D8E38C200CF8D7C /* Other */ = {
			isa = PBXGroup;
			children = (
			);
			path = Other;
			sourceTree = "<group>";
		};
		82F183721D8E38C200CF8D7C /* View */ = {
			isa = PBXGroup;
			children = (
			);
			path = View;
			sourceTree = "<group>";
		};
		82F183731D8E38C200CF8D7C /* Third */ = {
			isa = PBXGroup;
			children = (
			);
			path = Third;
			sourceTree = "<group>";
		};
		82F183741D8E38C200CF8D7C /* ThirdPage */ = {
			isa = PBXGroup;
			children = (
				82F183751D8E38C200CF8D7C /* Controller */,
				82F183781D8E38C200CF8D7C /* Model */,
				82F183791D8E38C200CF8D7C /* Other */,
				82F1837A1D8E38C200CF8D7C /* View */,
			);
			path = ThirdPage;
			sourceTree = "<group>";
		};
		82F183751D8E38C200CF8D7C /* Controller */ = {
			isa = PBXGroup;
			children = (
				82F183761D8E38C200CF8D7C /* TTThirdPageViewController.h */,
				82F183771D8E38C200CF8D7C /* TTThirdPageViewController.m */,
			);
			path = Controller;
			sourceTree = "<group>";
		};
		82F183781D8E38C200CF8D7C /* Model */ = {
			isa = PBXGroup;
			children = (
			);
			path = Model;
			sourceTree = "<group>";
		};
		82F183791D8E38C200CF8D7C /* Other */ = {
			isa = PBXGroup;
			children = (
			);
			path = Other;
			sourceTree = "<group>";
		};
		82F1837A1D8E38C200CF8D7C /* View */ = {
			isa = PBXGroup;
			children = (
				824AD5DA1D925EA200A2DFB9 /* TTActivityCell.h */,
				824AD5DB1D925EA200A2DFB9 /* TTActivityCell.m */,
				824AD5DC1D925EA200A2DFB9 /* TTActivityCell.xib */,
			);
			path = View;
			sourceTree = "<group>";
		};
		F1F28EB8471DA9F1C748BC16 /* Pods */ = {
			isa = PBXGroup;
			children = (
				17E62C14ABDB34F8B9B8D171 /* Pods-TTBasicProject.debug.xcconfig */,
				833E2D0E00057E879913AA66 /* Pods-TTBasicProject.release.xcconfig */,
			);
			name = Pods;
			sourceTree = "<group>";
		};
/* End PBXGroup section */

/* Begin PBXNativeTarget section */
		8203DDAB1D73CFA100B3B7F6 /* TTBasicProject */ = {
			isa = PBXNativeTarget;
			buildConfigurationList = 8203DDC31D73CFA100B3B7F6 /* Build configuration list for PBXNativeTarget "TTBasicProject" */;
			buildPhases = (
				EC67723F2B53470FEBB600A6 /* [CP] Check Pods Manifest.lock */,
				8203DDA81D73CFA100B3B7F6 /* Sources */,
				8203DDA91D73CFA100B3B7F6 /* Frameworks */,
				8203DDAA1D73CFA100B3B7F6 /* Resources */,
				32DD86E057066E2EB881507C /* [CP] Embed Pods Frameworks */,
				C47313EF97E91A80BCDD096D /* [CP] Copy Pods Resources */,
			);
			buildRules = (
			);
			dependencies = (
			);
			name = TTBasicProject;
			productName = TTBasicProject;
			productReference = 8203DDAC1D73CFA100B3B7F6 /* TTBasicProject.app */;
			productType = "com.apple.product-type.application";
		};
/* End PBXNativeTarget section */

/* Begin PBXProject section */
		8203DDA41D73CFA100B3B7F6 /* Project object */ = {
			isa = PBXProject;
			attributes = {
				CLASSPREFIX = TT;
				LastUpgradeCheck = 0730;
				ORGANIZATIONNAME = "Mr Zhao";
				TargetAttributes = {
					8203DDAB1D73CFA100B3B7F6 = {
						CreatedOnToolsVersion = 7.3;
					};
				};
			};
			buildConfigurationList = 8203DDA71D73CFA100B3B7F6 /* Build configuration list for PBXProject "TTBasicProject" */;
			compatibilityVersion = "Xcode 3.2";
			developmentRegion = English;
			hasScannedForEncodings = 0;
			knownRegions = (
				en,
				Base,
			);
			mainGroup = 8203DDA31D73CFA100B3B7F6;
			productRefGroup = 8203DDAD1D73CFA100B3B7F6 /* Products */;
			projectDirPath = "";
			projectRoot = "";
			targets = (
				8203DDAB1D73CFA100B3B7F6 /* TTBasicProject */,
			);
		};
/* End PBXProject section */

/* Begin PBXResourcesBuildPhase section */
		8203DDAA1D73CFA100B3B7F6 /* Resources */ = {
			isa = PBXResourcesBuildPhase;
			buildActionMask = 2147483647;
			files = (
				824AD5E61D9270E500A2DFB9 /* TTCustomerHeaderView.xib in Resources */,
				8203DDEF1D73D47200B3B7F6 /* Assets.xcassets in Resources */,
				8203DDF01D73D47200B3B7F6 /* LaunchScreen.storyboard in Resources */,
				824AD5DE1D925EA200A2DFB9 /* TTActivityCell.xib in Resources */,
			);
			runOnlyForDeploymentPostprocessing = 0;
		};
/* End PBXResourcesBuildPhase section */

/* Begin PBXShellScriptBuildPhase section */
		32DD86E057066E2EB881507C /* [CP] Embed Pods Frameworks */ = {
			isa = PBXShellScriptBuildPhase;
			buildActionMask = 2147483647;
			files = (
			);
			inputPaths = (
			);
			name = "[CP] Embed Pods Frameworks";
			outputPaths = (
			);
			runOnlyForDeploymentPostprocessing = 0;
			shellPath = /bin/sh;
			shellScript = "\"${SRCROOT}/Pods/Target Support Files/Pods-TTBasicProject/Pods-TTBasicProject-frameworks.sh\"\n";
			showEnvVarsInLog = 0;
		};
		C47313EF97E91A80BCDD096D /* [CP] Copy Pods Resources */ = {
			isa = PBXShellScriptBuildPhase;
			buildActionMask = 2147483647;
			files = (
			);
			inputPaths = (
			);
			name = "[CP] Copy Pods Resources";
			outputPaths = (
			);
			runOnlyForDeploymentPostprocessing = 0;
			shellPath = /bin/sh;
			shellScript = "\"${SRCROOT}/Pods/Target Support Files/Pods-TTBasicProject/Pods-TTBasicProject-resources.sh\"\n";
			showEnvVarsInLog = 0;
		};
		EC67723F2B53470FEBB600A6 /* [CP] Check Pods Manifest.lock */ = {
			isa = PBXShellScriptBuildPhase;
			buildActionMask = 2147483647;
			files = (
			);
			inputPaths = (
			);
			name = "[CP] Check Pods Manifest.lock";
			outputPaths = (
			);
			runOnlyForDeploymentPostprocessing = 0;
			shellPath = /bin/sh;
			shellScript = "diff \"${PODS_ROOT}/../Podfile.lock\" \"${PODS_ROOT}/Manifest.lock\" > /dev/null\nif [[ $? != 0 ]] ; then\n    cat << EOM\nerror: The sandbox is not in sync with the Podfile.lock. Run 'pod install' or update your CocoaPods installation.\nEOM\n    exit 1\nfi\n";
			showEnvVarsInLog = 0;
		};
/* End PBXShellScriptBuildPhase section */

/* Begin PBXSourcesBuildPhase section */
		8203DDA81D73CFA100B3B7F6 /* Sources */ = {
			isa = PBXSourcesBuildPhase;
			buildActionMask = 2147483647;
			files = (
				82F183891D8E42C500CF8D7C /* TTTabBar.m in Sources */,
				824AD5E11D9270C000A2DFB9 /* TTThreeSpecialCell.m in Sources */,
				82F1837C1D8E38C200CF8D7C /* BaseTabBarController.m in Sources */,
				82F183811D8E38C200CF8D7C /* TTForthPageViewController.m in Sources */,
				82F183801D8E38C200CF8D7C /* TTFirstPageViewController.m in Sources */,
				82F1837D1D8E38C200CF8D7C /* BaseViewController.m in Sources */,
				82F1838E1D8E42D200CF8D7C /* TTNavigationViewController.m in Sources */,
				82F183821D8E38C200CF8D7C /* TTSecondPageViewController.m in Sources */,
				82F1839B1D8E87F800CF8D7C /* TTRefreshGifHeader.m in Sources */,
				826596ED1D99267500058779 /* NSString+Size.m in Sources */,
				82F183981D8E6C2100CF8D7C /* TTHUDView.m in Sources */,
				82F183831D8E38C200CF8D7C /* TTThirdPageViewController.m in Sources */,
				826596EA1D99263700058779 /* UIView+TTDraggable.m in Sources */,
				826596E11D991C6B00058779 /* UITextView+PlaceHolder.m in Sources */,
				82F183951D8E44A700CF8D7C /* UIBarButtonItem+Item.m in Sources */,
				82FE12CE1D8FBD0D00BADB26 /* TTRefreshBackGifFooter.m in Sources */,
				82F183921D8E437C00CF8D7C /* UIImage+Image.m in Sources */,
				82F183A11D8EA6F200CF8D7C /* UIView+Image.m in Sources */,
				824AD5E51D9270E500A2DFB9 /* TTCustomerHeaderView.m in Sources */,
				824AD5DD1D925EA200A2DFB9 /* TTActivityCell.m in Sources */,
				82F1837E1D8E38C200CF8D7C /* TTTabBarViewController.m in Sources */,
				826596F01D99274200058779 /* NSString+StringColor.m in Sources */,
				82FE12D11D8FD6E200BADB26 /* TTAlertView.m in Sources */,
				8203DDF21D73D47200B3B7F6 /* main.m in Sources */,
				8203DDF91D73D55C00B3B7F6 /* AppDelegate.m in Sources */,
				82FE12D41D8FD85700BADB26 /* TTActionSheet.m in Sources */,
				82F1837B1D8E38C200CF8D7C /* BaseNavigationController.m in Sources */,
				82F1839E1D8EA10E00CF8D7C /* UIView+TTHUDView.m in Sources */,
				82F1838F1D8E42D200CF8D7C /* TTTabBarController.m in Sources */,
				82F183861D8E39BE00CF8D7C /* TTFifthPageViewController.m in Sources */,
				826596E41D991DA600058779 /* TTJumpPageViewController.m in Sources */,
				826596E71D99231600058779 /* UIView+CGRect.m in Sources */,
			);
			runOnlyForDeploymentPostprocessing = 0;
		};
/* End PBXSourcesBuildPhase section */

/* Begin PBXVariantGroup section */
		8203DDE91D73D47200B3B7F6 /* LaunchScreen.storyboard */ = {
			isa = PBXVariantGroup;
			children = (
				8203DDEA1D73D47200B3B7F6 /* Base */,
			);
			name = LaunchScreen.storyboard;
			sourceTree = "<group>";
		};
/* End PBXVariantGroup section */

/* Begin XCBuildConfiguration section */
		8203DDC11D73CFA100B3B7F6 /* Debug */ = {
			isa = XCBuildConfiguration;
			buildSettings = {
				ALWAYS_SEARCH_USER_PATHS = NO;
				CLANG_ANALYZER_NONNULL = YES;
				CLANG_CXX_LANGUAGE_STANDARD = "gnu++0x";
				CLANG_CXX_LIBRARY = "libc++";
				CLANG_ENABLE_MODULES = YES;
				CLANG_ENABLE_OBJC_ARC = YES;
				CLANG_WARN_BOOL_CONVERSION = YES;
				CLANG_WARN_CONSTANT_CONVERSION = YES;
				CLANG_WARN_DIRECT_OBJC_ISA_USAGE = YES_ERROR;
				CLANG_WARN_EMPTY_BODY = YES;
				CLANG_WARN_ENUM_CONVERSION = YES;
				CLANG_WARN_INT_CONVERSION = YES;
				CLANG_WARN_OBJC_ROOT_CLASS = YES_ERROR;
				CLANG_WARN_UNREACHABLE_CODE = YES;
				CLANG_WARN__DUPLICATE_METHOD_MATCH = YES;
				"CODE_SIGN_IDENTITY[sdk=iphoneos*]" = "iPhone Developer";
				COPY_PHASE_STRIP = NO;
				DEBUG_INFORMATION_FORMAT = dwarf;
				ENABLE_STRICT_OBJC_MSGSEND = YES;
				ENABLE_TESTABILITY = YES;
				GCC_C_LANGUAGE_STANDARD = gnu99;
				GCC_DYNAMIC_NO_PIC = NO;
				GCC_NO_COMMON_BLOCKS = YES;
				GCC_OPTIMIZATION_LEVEL = 0;
				GCC_PREPROCESSOR_DEFINITIONS = (
					"DEBUG=1",
					"$(inherited)",
				);
				GCC_WARN_64_TO_32_BIT_CONVERSION = YES;
				GCC_WARN_ABOUT_RETURN_TYPE = YES_ERROR;
				GCC_WARN_UNDECLARED_SELECTOR = YES;
				GCC_WARN_UNINITIALIZED_AUTOS = YES_AGGRESSIVE;
				GCC_WARN_UNUSED_FUNCTION = YES;
				GCC_WARN_UNUSED_VARIABLE = YES;
				IPHONEOS_DEPLOYMENT_TARGET = 9.3;
				MTL_ENABLE_DEBUG_INFO = YES;
				ONLY_ACTIVE_ARCH = YES;
				SDKROOT = iphoneos;
			};
			name = Debug;
		};
		8203DDC21D73CFA100B3B7F6 /* Release */ = {
			isa = XCBuildConfiguration;
			buildSettings = {
				ALWAYS_SEARCH_USER_PATHS = NO;
				CLANG_ANALYZER_NONNULL = YES;
				CLANG_CXX_LANGUAGE_STANDARD = "gnu++0x";
				CLANG_CXX_LIBRARY = "libc++";
				CLANG_ENABLE_MODULES = YES;
				CLANG_ENABLE_OBJC_ARC = YES;
				CLANG_WARN_BOOL_CONVERSION = YES;
				CLANG_WARN_CONSTANT_CONVERSION = YES;
				CLANG_WARN_DIRECT_OBJC_ISA_USAGE = YES_ERROR;
				CLANG_WARN_EMPTY_BODY = YES;
				CLANG_WARN_ENUM_CONVERSION = YES;
				CLANG_WARN_INT_CONVERSION = YES;
				CLANG_WARN_OBJC_ROOT_CLASS = YES_ERROR;
				CLANG_WARN_UNREACHABLE_CODE = YES;
				CLANG_WARN__DUPLICATE_METHOD_MATCH = YES;
				"CODE_SIGN_IDENTITY[sdk=iphoneos*]" = "iPhone Developer";
				COPY_PHASE_STRIP = NO;
				DEBUG_INFORMATION_FORMAT = "dwarf-with-dsym";
				ENABLE_NS_ASSERTIONS = NO;
				ENABLE_STRICT_OBJC_MSGSEND = YES;
				GCC_C_LANGUAGE_STANDARD = gnu99;
				GCC_NO_COMMON_BLOCKS = YES;
				GCC_WARN_64_TO_32_BIT_CONVERSION = YES;
				GCC_WARN_ABOUT_RETURN_TYPE = YES_ERROR;
				GCC_WARN_UNDECLARED_SELECTOR = YES;
				GCC_WARN_UNINITIALIZED_AUTOS = YES_AGGRESSIVE;
				GCC_WARN_UNUSED_FUNCTION = YES;
				GCC_WARN_UNUSED_VARIABLE = YES;
				IPHONEOS_DEPLOYMENT_TARGET = 9.3;
				MTL_ENABLE_DEBUG_INFO = NO;
				SDKROOT = iphoneos;
				VALIDATE_PRODUCT = YES;
			};
			name = Release;
		};
		8203DDC41D73CFA100B3B7F6 /* Debug */ = {
			isa = XCBuildConfiguration;
			baseConfigurationReference = 17E62C14ABDB34F8B9B8D171 /* Pods-TTBasicProject.debug.xcconfig */;
			buildSettings = {
				ASSETCATALOG_COMPILER_APPICON_NAME = AppIcon;
				ASSETCATALOG_COMPILER_LAUNCHIMAGE_NAME = LaunchImage;
				GCC_PREFIX_HEADER = "$(SRCROOT)/TTBasicProject/Other/TTBasicProject.pch";
				INFOPLIST_FILE = TTBasicProject/Other/Info.plist;
				IPHONEOS_DEPLOYMENT_TARGET = 8.0;
				LD_RUNPATH_SEARCH_PATHS = "$(inherited) @executable_path/Frameworks";
				PRODUCT_BUNDLE_IDENTIFIER = com.cn.sm.TTBasicProject;
				PRODUCT_NAME = "$(TARGET_NAME)";
			};
			name = Debug;
		};
		8203DDC51D73CFA100B3B7F6 /* Release */ = {
			isa = XCBuildConfiguration;
			baseConfigurationReference = 833E2D0E00057E879913AA66 /* Pods-TTBasicProject.release.xcconfig */;
			buildSettings = {
				ASSETCATALOG_COMPILER_APPICON_NAME = AppIcon;
				ASSETCATALOG_COMPILER_LAUNCHIMAGE_NAME = LaunchImage;
				GCC_PREFIX_HEADER = "$(SRCROOT)/TTBasicProject/Other/TTBasicProject.pch";
				INFOPLIST_FILE = TTBasicProject/Other/Info.plist;
				IPHONEOS_DEPLOYMENT_TARGET = 8.0;
				LD_RUNPATH_SEARCH_PATHS = "$(inherited) @executable_path/Frameworks";
				PRODUCT_BUNDLE_IDENTIFIER = com.cn.sm.TTBasicProject;
				PRODUCT_NAME = "$(TARGET_NAME)";
			};
			name = Release;
		};
/* End XCBuildConfiguration section */

/* Begin XCConfigurationList section */
		8203DDA71D73CFA100B3B7F6 /* Build configuration list for PBXProject "TTBasicProject" */ = {
			isa = XCConfigurationList;
			buildConfigurations = (
				8203DDC11D73CFA100B3B7F6 /* Debug */,
				8203DDC21D73CFA100B3B7F6 /* Release */,
			);
			defaultConfigurationIsVisible = 0;
			defaultConfigurationName = Release;
		};
		8203DDC31D73CFA100B3B7F6 /* Build configuration list for PBXNativeTarget "TTBasicProject" */ = {
			isa = XCConfigurationList;
			buildConfigurations = (
				8203DDC41D73CFA100B3B7F6 /* Debug */,
				8203DDC51D73CFA100B3B7F6 /* Release */,
			);
			defaultConfigurationIsVisible = 0;
			defaultConfigurationName = Release;
		};
/* End XCConfigurationList section */
	};
	rootObject = 8203DDA41D73CFA100B3B7F6 /* Project object */;
}
